
Microsoft Visual Studio Solution File, Format Version 12.00
# Visual Studio Version 17
VisualStudioVersion = 17.12.35527.113
MinimumVisualStudioVersion = 10.0.40219.1
Project("{FAE04EC0-301F-11D3-BF4B-00C04F79EFBC}") = "ProductAPI", "ProductAPI\ProductAPI.csproj", "{380D817B-537C-4391-9513-91AA2886DE57}"
EndProject
Project("{FAE04EC0-301F-11D3-BF4B-00C04F79EFBC}") = "ProductAPITests", "ProductAPITests\ProductAPITests.csproj", "{E66B4EA1-A229-4FA5-96DC-1D4C5DE5BA6C}"
EndProject
Global
	GlobalSection(SolutionConfigurationPlatforms) = preSolution
		Debug|Any CPU = Debug|Any CPU
		Release|Any CPU = Release|Any CPU
	EndGlobalSection
	GlobalSection(ProjectConfigurationPlatforms) = postSolution
		{380D817B-537C-4391-9513-91AA2886DE57}.Debug|Any CPU.ActiveCfg = Debug|Any CPU
		{380D817B-537C-4391-9513-91AA2886DE57}.Debug|Any CPU.Build.0 = Debug|Any CPU
		{380D817B-537C-4391-9513-91AA2886DE57}.Release|Any CPU.ActiveCfg = Release|Any CPU
		{380D817B-537C-4391-9513-91AA2886DE57}.Release|Any CPU.Build.0 = Release|Any CPU
		{E66B4EA1-A229-4FA5-96DC-1D4C5DE5BA6C}.Debug|Any CPU.ActiveCfg = Debug|Any CPU
		{E66B4EA1-A229-4FA5-96DC-1D4C5DE5BA6C}.Debug|Any CPU.Build.0 = Debug|Any CPU
		{E66B4EA1-A229-4FA5-96DC-1D4C5DE5BA6C}.Release|Any CPU.ActiveCfg = Release|Any CPU
		{E66B4EA1-A229-4FA5-96DC-1D4C5DE5BA6C}.Release|Any CPU.Build.0 = Release|Any CPU
	EndGlobalSection
	GlobalSection(SolutionProperties) = preSolution
		HideSolutionNode = FALSE
	EndGlobalSection
EndGlobal
